# THIS IS AN AUTOGENERATED FILE. DO NOT EDIT THIS FILE DIRECTLY.
# yarn lockfile v1


create-vue@^3.10.3:
  version "3.10.3"
  resolved "https://registry.npmmirror.com/create-vue/-/create-vue-3.10.3.tgz#374f36b897dc548d5b220d78c3546e049b4c271c"
  integrity sha512-QvGBTbkc/t8NOB8nWCxkF1cRUCczMX67LH1ZgWynJNqgUz0BffnF7NYK5hwFuuoDOUa5GcA0aWRHHNYU+OehtQ==
